
Microsoft Visual Studio Solution File, Format Version 12.00
# Visual Studio Version 16
VisualStudioVersion = 16.0.30011.22
MinimumVisualStudioVersion = 10.0.40219.1
Project("{FAE04EC0-301F-11D3-BF4B-00C04F79EFBC}") = "RecipeBook", "RecipeBook\RecipeBook.csproj", "{778C5B23-DC7B-4633-9BE5-332BDFB263EF}"
EndProject
Global
	GlobalSection(SolutionConfigurationPlatforms) = preSolution
		Debug|Any CPU = Debug|Any CPU
		Release|Any CPU = Release|Any CPU
	EndGlobalSection
	GlobalSection(ProjectConfigurationPlatforms) = postSolution
		{778C5B23-DC7B-4633-9BE5-332BDFB263EF}.Debug|Any CPU.ActiveCfg = Debug|Any CPU
		{778C5B23-DC7B-4633-9BE5-332BDFB263EF}.Debug|Any CPU.Build.0 = Debug|Any CPU
		{778C5B23-DC7B-4633-9BE5-332BDFB263EF}.Release|Any CPU.ActiveCfg = Release|Any CPU
		{778C5B23-DC7B-4633-9BE5-332BDFB263EF}.Release|Any CPU.Build.0 = Release|Any CPU
	EndGlobalSection
	GlobalSection(SolutionProperties) = preSolution
		HideSolutionNode = FALSE
	EndGlobalSection
	GlobalSection(ExtensibilityGlobals) = postSolution
		SolutionGuid = {65D259E6-62B1-4B12-99B5-D70362F815E4}
	EndGlobalSection
EndGlobal
